
Microsoft Visual Studio Solution File, Format Version 12.00
# Visual Studio Version 16
VisualStudioVersion = 16.0.31702.278
MinimumVisualStudioVersion = 10.0.40219.1
Project("{FAE04EC0-301F-11D3-BF4B-00C04F79EFBC}") = "MyFirstApp", "MyFirstApp.csproj", "{30FE3B6C-53A5-4B76-9AFB-12881BC7F6B5}"
EndProject
Global
	GlobalSection(SolutionConfigurationPlatforms) = preSolution
		Debug|Any CPU = Debug|Any CPU
		Release|Any CPU = Release|Any CPU
	EndGlobalSection
	GlobalSection(ProjectConfigurationPlatforms) = postSolution
		{30FE3B6C-53A5-4B76-9AFB-12881BC7F6B5}.Debug|Any CPU.ActiveCfg = Debug|Any CPU
		{30FE3B6C-53A5-4B76-9AFB-12881BC7F6B5}.Debug|Any CPU.Build.0 = Debug|Any CPU
		{30FE3B6C-53A5-4B76-9AFB-12881BC7F6B5}.Release|Any CPU.ActiveCfg = Release|Any CPU
		{30FE3B6C-53A5-4B76-9AFB-12881BC7F6B5}.Release|Any CPU.Build.0 = Release|Any CPU
	EndGlobalSection
	GlobalSection(SolutionProperties) = preSolution
		HideSolutionNode = FALSE
	EndGlobalSection
	GlobalSection(ExtensibilityGlobals) = postSolution
		SolutionGuid = {2E17BC3E-0BFB-4289-8222-6CB7F07BDB30}
	EndGlobalSection
EndGlobal
